
Microsoft Visual Studio Solution File, Format Version 12.00
# Visual Studio Version 16
VisualStudioVersion = 16.0.31410.357
MinimumVisualStudioVersion = 10.0.40219.1
Project("{FAE04EC0-301F-11D3-BF4B-00C04F79EFBC}") = "DockerDotNetCoreWebApp", "DockerDotNetCoreWebApp\DockerDotNetCoreWebApp.csproj", "{BF28DCA2-7F4F-4B35-94F8-CC3D4BB04190}"
EndProject
Global
	GlobalSection(SolutionConfigurationPlatforms) = preSolution
		Debug|Any CPU = Debug|Any CPU
		Release|Any CPU = Release|Any CPU
	EndGlobalSection
	GlobalSection(ProjectConfigurationPlatforms) = postSolution
		{BF28DCA2-7F4F-4B35-94F8-CC3D4BB04190}.Debug|Any CPU.ActiveCfg = Debug|Any CPU
		{BF28DCA2-7F4F-4B35-94F8-CC3D4BB04190}.Debug|Any CPU.Build.0 = Debug|Any CPU
		{BF28DCA2-7F4F-4B35-94F8-CC3D4BB04190}.Release|Any CPU.ActiveCfg = Release|Any CPU
		{BF28DCA2-7F4F-4B35-94F8-CC3D4BB04190}.Release|Any CPU.Build.0 = Release|Any CPU
	EndGlobalSection
	GlobalSection(SolutionProperties) = preSolution
		HideSolutionNode = FALSE
	EndGlobalSection
	GlobalSection(ExtensibilityGlobals) = postSolution
		SolutionGuid = {7695E1A6-C2CB-4FBA-B525-DEF149AE8339}
	EndGlobalSection
EndGlobal
